# This file was autogenerated by Stack.
# You should not edit this file by hand.
# For more information, please see the documentation at:
#   https://docs.haskellstack.org/en/stable/lock_files

packages:
- completed:
    name: astar
    version: 0.3.0.1
    git: https://github.com/weissi/astar.git
    pantry-tree:
      size: 369
      sha256: 88cdf40499eb08aaa75b87683eb41f663536ccf24f19b166d92f783d522c1667
    commit: 0c24aaa85fe3b8bf060ef399d9825ca9eb242721
  original:
    git: https://github.com/weissi/astar.git
    commit: 0c24aaa85fe3b8bf060ef399d9825ca9eb242721
snapshots:
- completed:
    size: 495226
    url: https://raw.githubusercontent.com/commercialhaskell/stackage-snapshots/master/nightly/2018/7/28.yaml
    sha256: 58e66dc9433088d56304d4ea3ba3bfe7935e11fbfbcb114f1712ffb253bb1755
  original: nightly-2018-07-28
